
Microsoft Visual Studio Solution File, Format Version 9.00
# Visual Studio 2005
Project("{8BC9CEB8-8B4A-11D0-8D11-00A0C91BC942}") = "drives_func", "drives_func.vcproj", "{AF6DB4CB-98A5-46B3-8CDC-588864AA20C6}"
EndProject
Project("{8BC9CEB8-8B4A-11D0-8D11-00A0C91BC942}") = "service_func", "..\service_func\service_func.vcproj", "{7A4EB0F4-6E76-45A5-B1C9-0FC3413BAD21}"
EndProject
Global
	GlobalSection(SolutionConfigurationPlatforms) = preSolution
		Debug|Win32 = Debug|Win32
		Release|Win32 = Release|Win32
	EndGlobalSection
	GlobalSection(ProjectConfigurationPlatforms) = postSolution
		{AF6DB4CB-98A5-46B3-8CDC-588864AA20C6}.Debug|Win32.ActiveCfg = Debug|Win32
		{AF6DB4CB-98A5-46B3-8CDC-588864AA20C6}.Debug|Win32.Build.0 = Debug|Win32
		{AF6DB4CB-98A5-46B3-8CDC-588864AA20C6}.Release|Win32.ActiveCfg = Release|Win32
		{AF6DB4CB-98A5-46B3-8CDC-588864AA20C6}.Release|Win32.Build.0 = Release|Win32
		{7A4EB0F4-6E76-45A5-B1C9-0FC3413BAD21}.Debug|Win32.ActiveCfg = Debug|Win32
		{7A4EB0F4-6E76-45A5-B1C9-0FC3413BAD21}.Debug|Win32.Build.0 = Debug|Win32
		{7A4EB0F4-6E76-45A5-B1C9-0FC3413BAD21}.Release|Win32.ActiveCfg = Release|Win32
		{7A4EB0F4-6E76-45A5-B1C9-0FC3413BAD21}.Release|Win32.Build.0 = Release|Win32
	EndGlobalSection
	GlobalSection(SolutionProperties) = preSolution
		HideSolutionNode = FALSE
	EndGlobalSection
EndGlobal
